
Microsoft Visual Studio Solution File, Format Version 12.00
# Visual Studio Version 17
VisualStudioVersion = 17.9.34728.123
MinimumVisualStudioVersion = 10.0.40219.1
Project("{8BC9CEB8-8B4A-11D0-8D11-00A0C91BC942}") = "Project10", "Project10\Project10.vcxproj", "{7EE8EB7A-056F-4E31-AE76-40A676539C50}"
EndProject
Global
	GlobalSection(SolutionConfigurationPlatforms) = preSolution
		Debug|x64 = Debug|x64
		Debug|x86 = Debug|x86
		Release|x64 = Release|x64
		Release|x86 = Release|x86
	EndGlobalSection
	GlobalSection(ProjectConfigurationPlatforms) = postSolution
		{7EE8EB7A-056F-4E31-AE76-40A676539C50}.Debug|x64.ActiveCfg = Debug|x64
		{7EE8EB7A-056F-4E31-AE76-40A676539C50}.Debug|x64.Build.0 = Debug|x64
		{7EE8EB7A-056F-4E31-AE76-40A676539C50}.Debug|x86.ActiveCfg = Debug|Win32
		{7EE8EB7A-056F-4E31-AE76-40A676539C50}.Debug|x86.Build.0 = Debug|Win32
		{7EE8EB7A-056F-4E31-AE76-40A676539C50}.Release|x64.ActiveCfg = Release|x64
		{7EE8EB7A-056F-4E31-AE76-40A676539C50}.Release|x64.Build.0 = Release|x64
		{7EE8EB7A-056F-4E31-AE76-40A676539C50}.Release|x86.ActiveCfg = Release|Win32
		{7EE8EB7A-056F-4E31-AE76-40A676539C50}.Release|x86.Build.0 = Release|Win32
	EndGlobalSection
	GlobalSection(SolutionProperties) = preSolution
		HideSolutionNode = FALSE
	EndGlobalSection
	GlobalSection(ExtensibilityGlobals) = postSolution
		SolutionGuid = {3D4DD4C4-BF88-447D-BED7-0258135191D1}
	EndGlobalSection
EndGlobal
